
Microsoft Visual Studio Solution File, Format Version 12.00
# Visual Studio Version 17
VisualStudioVersion = 17.3.32929.385
MinimumVisualStudioVersion = 10.0.40219.1
Project("{FAE04EC0-301F-11D3-BF4B-00C04F79EFBC}") = "NetCorePersonal.Web", "NetCorePersonal.Web\NetCorePersonal.Web.csproj", "{2E1EE7C3-6210-44EE-99D0-01E2BC047D5D}"
EndProject
Global
	GlobalSection(SolutionConfigurationPlatforms) = preSolution
		Debug|Any CPU = Debug|Any CPU
		Release|Any CPU = Release|Any CPU
	EndGlobalSection
	GlobalSection(ProjectConfigurationPlatforms) = postSolution
		{2E1EE7C3-6210-44EE-99D0-01E2BC047D5D}.Debug|Any CPU.ActiveCfg = Debug|Any CPU
		{2E1EE7C3-6210-44EE-99D0-01E2BC047D5D}.Debug|Any CPU.Build.0 = Debug|Any CPU
		{2E1EE7C3-6210-44EE-99D0-01E2BC047D5D}.Release|Any CPU.ActiveCfg = Release|Any CPU
		{2E1EE7C3-6210-44EE-99D0-01E2BC047D5D}.Release|Any CPU.Build.0 = Release|Any CPU
	EndGlobalSection
	GlobalSection(SolutionProperties) = preSolution
		HideSolutionNode = FALSE
	EndGlobalSection
	GlobalSection(ExtensibilityGlobals) = postSolution
		SolutionGuid = {92F9FEA3-94AF-433E-BD09-E14F9559198E}
	EndGlobalSection
EndGlobal
